
Microsoft Visual Studio Solution File, Format Version 12.00
# Visual Studio 15
VisualStudioVersion = 15.0.26730.10
MinimumVisualStudioVersion = 10.0.40219.1
Project("{FAE04EC0-301F-11D3-BF4B-00C04F79EFBC}") = "01 TwentyInts", "01 TwentyInts\01 TwentyInts.csproj", "{51449B51-F501-4781-85DF-551DB7EF7D58}"
EndProject
Project("{FAE04EC0-301F-11D3-BF4B-00C04F79EFBC}") = "02 CompareTwoArrays", "02 CompareTwoArrays\02 CompareTwoArrays.csproj", "{57F15E11-D7BB-4AAB-BF1E-A8F41940AB21}"
EndProject
Project("{FAE04EC0-301F-11D3-BF4B-00C04F79EFBC}") = "03 CompareCharArrays", "03 CompareCharArrays\03 CompareCharArrays.csproj", "{B4DA4E25-A747-4687-B9A1-C084DD107E36}"
EndProject
Project("{FAE04EC0-301F-11D3-BF4B-00C04F79EFBC}") = "04 MaxSequence", "04 MaxSequence\04 MaxSequence.csproj", "{CF4079FB-9106-487C-8F1D-82D7E1D4EAF9}"
EndProject
Project("{FAE04EC0-301F-11D3-BF4B-00C04F79EFBC}") = "05 MaxIncrSeq", "05 MaxIncrSeq\05 MaxIncrSeq.csproj", "{060372C6-15AB-4FA1-B236-70C0151751C1}"
EndProject
Project("{FAE04EC0-301F-11D3-BF4B-00C04F79EFBC}") = "06 NandK", "06 NandK\06 NandK.csproj", "{54ACFC82-BAE6-4BC5-AD51-E077C40CFB7F}"
EndProject
Project("{FAE04EC0-301F-11D3-BF4B-00C04F79EFBC}") = "07 SortingAnArray", "07 SortingAnArray\07 SortingAnArray.csproj", "{B579A18D-E103-473E-8849-2B8F6D19A9D7}"
EndProject
Project("{FAE04EC0-301F-11D3-BF4B-00C04F79EFBC}") = "08 SeqOfMaxSum", "08 SeqOfMaxSum\08 SeqOfMaxSum.csproj", "{7E471661-DEB6-4682-979E-BFC141657CCE}"
EndProject
Project("{FAE04EC0-301F-11D3-BF4B-00C04F79EFBC}") = "09 MostFreqNum", "09 MostFreqNum\09 MostFreqNum.csproj", "{CED2AD55-6103-45FB-8461-FE9A6D9F2A09}"
EndProject
Project("{FAE04EC0-301F-11D3-BF4B-00C04F79EFBC}") = "10 SeqOfSum", "10 SeqOfSum\10 SeqOfSum.csproj", "{21A7A55E-01F6-4937-A2D3-993003CF4B3B}"
EndProject
Project("{FAE04EC0-301F-11D3-BF4B-00C04F79EFBC}") = "11 BinarySearch", "11 BinarySearch\11 BinarySearch.csproj", "{7857F696-6871-4005-BAEB-458CE3F0286E}"
EndProject
Project("{FAE04EC0-301F-11D3-BF4B-00C04F79EFBC}") = "12 AllAlphaLetters", "12 AllAlphaLetters\12 AllAlphaLetters.csproj", "{54706117-796E-4AC6-9EBF-AF3506F0CFBE}"
EndProject
Project("{FAE04EC0-301F-11D3-BF4B-00C04F79EFBC}") = "13 QuickSort", "13 QuickSort\13 QuickSort.csproj", "{F3FF4218-1562-4EA1-B47A-90E91A4B79AA}"
EndProject
Project("{FAE04EC0-301F-11D3-BF4B-00C04F79EFBC}") = "14 SieveOfE", "14 SieveOfE\14 SieveOfE.csproj", "{94F02B59-00E1-4975-ABA8-A04E233CFBE0}"
EndProject
Project("{FAE04EC0-301F-11D3-BF4B-00C04F79EFBC}") = "15 SumS", "16 NKSSubset\15 SumS.csproj", "{A743C5B4-4BFE-4D0B-A6A0-447F48F631CA}"
EndProject
Project("{FAE04EC0-301F-11D3-BF4B-00C04F79EFBC}") = "16 NKS", "16 NKS\16 NKS.csproj", "{21741482-267E-4699-8266-A1B5046C44BB}"
EndProject
Project("{FAE04EC0-301F-11D3-BF4B-00C04F79EFBC}") = "17 RemainSortedArr", "17 RemainSortedArr\17 RemainSortedArr.csproj", "{7CC55397-34D7-4447-9416-3E37FA673FFD}"
EndProject
Project("{FAE04EC0-301F-11D3-BF4B-00C04F79EFBC}") = "18 Permutations", "18 Permutations\18 Permutations.csproj", "{BBE10510-B4A1-40CD-BE77-B99196273614}"
EndProject
Project("{FAE04EC0-301F-11D3-BF4B-00C04F79EFBC}") = "19 NandK", "19 NandK\19 NandK.csproj", "{C6D79A5D-4BEA-4CA5-8FB5-B7717240860C}"
EndProject
Project("{FAE04EC0-301F-11D3-BF4B-00C04F79EFBC}") = "20 DistinctNandK", "20 DistinctNandK\20 DistinctNandK.csproj", "{F352C5EB-8851-4E50-927D-A544CF59E948}"
EndProject
Global
	GlobalSection(SolutionConfigurationPlatforms) = preSolution
		Debug|Any CPU = Debug|Any CPU
		Release|Any CPU = Release|Any CPU
	EndGlobalSection
	GlobalSection(ProjectConfigurationPlatforms) = postSolution
		{51449B51-F501-4781-85DF-551DB7EF7D58}.Debug|Any CPU.ActiveCfg = Debug|Any CPU
		{51449B51-F501-4781-85DF-551DB7EF7D58}.Debug|Any CPU.Build.0 = Debug|Any CPU
		{51449B51-F501-4781-85DF-551DB7EF7D58}.Release|Any CPU.ActiveCfg = Release|Any CPU
		{51449B51-F501-4781-85DF-551DB7EF7D58}.Release|Any CPU.Build.0 = Release|Any CPU
		{57F15E11-D7BB-4AAB-BF1E-A8F41940AB21}.Debug|Any CPU.ActiveCfg = Debug|Any CPU
		{57F15E11-D7BB-4AAB-BF1E-A8F41940AB21}.Debug|Any CPU.Build.0 = Debug|Any CPU
		{57F15E11-D7BB-4AAB-BF1E-A8F41940AB21}.Release|Any CPU.ActiveCfg = Release|Any CPU
		{57F15E11-D7BB-4AAB-BF1E-A8F41940AB21}.Release|Any CPU.Build.0 = Release|Any CPU
		{B4DA4E25-A747-4687-B9A1-C084DD107E36}.Debug|Any CPU.ActiveCfg = Debug|Any CPU
		{B4DA4E25-A747-4687-B9A1-C084DD107E36}.Debug|Any CPU.Build.0 = Debug|Any CPU
		{B4DA4E25-A747-4687-B9A1-C084DD107E36}.Release|Any CPU.ActiveCfg = Release|Any CPU
		{B4DA4E25-A747-4687-B9A1-C084DD107E36}.Release|Any CPU.Build.0 = Release|Any CPU
		{CF4079FB-9106-487C-8F1D-82D7E1D4EAF9}.Debug|Any CPU.ActiveCfg = Debug|Any CPU
		{CF4079FB-9106-487C-8F1D-82D7E1D4EAF9}.Debug|Any CPU.Build.0 = Debug|Any CPU
		{CF4079FB-9106-487C-8F1D-82D7E1D4EAF9}.Release|Any CPU.ActiveCfg = Release|Any CPU
		{CF4079FB-9106-487C-8F1D-82D7E1D4EAF9}.Release|Any CPU.Build.0 = Release|Any CPU
		{060372C6-15AB-4FA1-B236-70C0151751C1}.Debug|Any CPU.ActiveCfg = Debug|Any CPU
		{060372C6-15AB-4FA1-B236-70C0151751C1}.Debug|Any CPU.Build.0 = Debug|Any CPU
		{060372C6-15AB-4FA1-B236-70C0151751C1}.Release|Any CPU.ActiveCfg = Release|Any CPU
		{060372C6-15AB-4FA1-B236-70C0151751C1}.Release|Any CPU.Build.0 = Release|Any CPU
		{54ACFC82-BAE6-4BC5-AD51-E077C40CFB7F}.Debug|Any CPU.ActiveCfg = Debug|Any CPU
		{54ACFC82-BAE6-4BC5-AD51-E077C40CFB7F}.Debug|Any CPU.Build.0 = Debug|Any CPU
		{54ACFC82-BAE6-4BC5-AD51-E077C40CFB7F}.Release|Any CPU.ActiveCfg = Release|Any CPU
		{54ACFC82-BAE6-4BC5-AD51-E077C40CFB7F}.Release|Any CPU.Build.0 = Release|Any CPU
		{B579A18D-E103-473E-8849-2B8F6D19A9D7}.Debug|Any CPU.ActiveCfg = Debug|Any CPU
		{B579A18D-E103-473E-8849-2B8F6D19A9D7}.Debug|Any CPU.Build.0 = Debug|Any CPU
		{B579A18D-E103-473E-8849-2B8F6D19A9D7}.Release|Any CPU.ActiveCfg = Release|Any CPU
		{B579A18D-E103-473E-8849-2B8F6D19A9D7}.Release|Any CPU.Build.0 = Release|Any CPU
		{7E471661-DEB6-4682-979E-BFC141657CCE}.Debug|Any CPU.ActiveCfg = Debug|Any CPU
		{7E471661-DEB6-4682-979E-BFC141657CCE}.Debug|Any CPU.Build.0 = Debug|Any CPU
		{7E471661-DEB6-4682-979E-BFC141657CCE}.Release|Any CPU.ActiveCfg = Release|Any CPU
		{7E471661-DEB6-4682-979E-BFC141657CCE}.Release|Any CPU.Build.0 = Release|Any CPU
		{CED2AD55-6103-45FB-8461-FE9A6D9F2A09}.Debug|Any CPU.ActiveCfg = Debug|Any CPU
		{CED2AD55-6103-45FB-8461-FE9A6D9F2A09}.Debug|Any CPU.Build.0 = Debug|Any CPU
		{CED2AD55-6103-45FB-8461-FE9A6D9F2A09}.Release|Any CPU.ActiveCfg = Release|Any CPU
		{CED2AD55-6103-45FB-8461-FE9A6D9F2A09}.Release|Any CPU.Build.0 = Release|Any CPU
		{21A7A55E-01F6-4937-A2D3-993003CF4B3B}.Debug|Any CPU.ActiveCfg = Debug|Any CPU
		{21A7A55E-01F6-4937-A2D3-993003CF4B3B}.Debug|Any CPU.Build.0 = Debug|Any CPU
		{21A7A55E-01F6-4937-A2D3-993003CF4B3B}.Release|Any CPU.ActiveCfg = Release|Any CPU
		{21A7A55E-01F6-4937-A2D3-993003CF4B3B}.Release|Any CPU.Build.0 = Release|Any CPU
		{7857F696-6871-4005-BAEB-458CE3F0286E}.Debug|Any CPU.ActiveCfg = Debug|Any CPU
		{7857F696-6871-4005-BAEB-458CE3F0286E}.Debug|Any CPU.Build.0 = Debug|Any CPU
		{7857F696-6871-4005-BAEB-458CE3F0286E}.Release|Any CPU.ActiveCfg = Release|Any CPU
		{7857F696-6871-4005-BAEB-458CE3F0286E}.Release|Any CPU.Build.0 = Release|Any CPU
		{54706117-796E-4AC6-9EBF-AF3506F0CFBE}.Debug|Any CPU.ActiveCfg = Debug|Any CPU
		{54706117-796E-4AC6-9EBF-AF3506F0CFBE}.Debug|Any CPU.Build.0 = Debug|Any CPU
		{54706117-796E-4AC6-9EBF-AF3506F0CFBE}.Release|Any CPU.ActiveCfg = Release|Any CPU
		{54706117-796E-4AC6-9EBF-AF3506F0CFBE}.Release|Any CPU.Build.0 = Release|Any CPU
		{F3FF4218-1562-4EA1-B47A-90E91A4B79AA}.Debug|Any CPU.ActiveCfg = Debug|Any CPU
		{F3FF4218-1562-4EA1-B47A-90E91A4B79AA}.Debug|Any CPU.Build.0 = Debug|Any CPU
		{F3FF4218-1562-4EA1-B47A-90E91A4B79AA}.Release|Any CPU.ActiveCfg = Release|Any CPU
		{F3FF4218-1562-4EA1-B47A-90E91A4B79AA}.Release|Any CPU.Build.0 = Release|Any CPU
		{94F02B59-00E1-4975-ABA8-A04E233CFBE0}.Debug|Any CPU.ActiveCfg = Debug|Any CPU
		{94F02B59-00E1-4975-ABA8-A04E233CFBE0}.Debug|Any CPU.Build.0 = Debug|Any CPU
		{94F02B59-00E1-4975-ABA8-A04E233CFBE0}.Release|Any CPU.ActiveCfg = Release|Any CPU
		{94F02B59-00E1-4975-ABA8-A04E233CFBE0}.Release|Any CPU.Build.0 = Release|Any CPU
		{A743C5B4-4BFE-4D0B-A6A0-447F48F631CA}.Debug|Any CPU.ActiveCfg = Debug|Any CPU
		{A743C5B4-4BFE-4D0B-A6A0-447F48F631CA}.Debug|Any CPU.Build.0 = Debug|Any CPU
		{A743C5B4-4BFE-4D0B-A6A0-447F48F631CA}.Release|Any CPU.ActiveCfg = Release|Any CPU
		{A743C5B4-4BFE-4D0B-A6A0-447F48F631CA}.Release|Any CPU.Build.0 = Release|Any CPU
		{21741482-267E-4699-8266-A1B5046C44BB}.Debug|Any CPU.ActiveCfg = Debug|Any CPU
		{21741482-267E-4699-8266-A1B5046C44BB}.Debug|Any CPU.Build.0 = Debug|Any CPU
		{21741482-267E-4699-8266-A1B5046C44BB}.Release|Any CPU.ActiveCfg = Release|Any CPU
		{21741482-267E-4699-8266-A1B5046C44BB}.Release|Any CPU.Build.0 = Release|Any CPU
		{7CC55397-34D7-4447-9416-3E37FA673FFD}.Debug|Any CPU.ActiveCfg = Debug|Any CPU
		{7CC55397-34D7-4447-9416-3E37FA673FFD}.Debug|Any CPU.Build.0 = Debug|Any CPU
		{7CC55397-34D7-4447-9416-3E37FA673FFD}.Release|Any CPU.ActiveCfg = Release|Any CPU
		{7CC55397-34D7-4447-9416-3E37FA673FFD}.Release|Any CPU.Build.0 = Release|Any CPU
		{BBE10510-B4A1-40CD-BE77-B99196273614}.Debug|Any CPU.ActiveCfg = Debug|Any CPU
		{BBE10510-B4A1-40CD-BE77-B99196273614}.Debug|Any CPU.Build.0 = Debug|Any CPU
		{BBE10510-B4A1-40CD-BE77-B99196273614}.Release|Any CPU.ActiveCfg = Release|Any CPU
		{BBE10510-B4A1-40CD-BE77-B99196273614}.Release|Any CPU.Build.0 = Release|Any CPU
		{C6D79A5D-4BEA-4CA5-8FB5-B7717240860C}.Debug|Any CPU.ActiveCfg = Debug|Any CPU
		{C6D79A5D-4BEA-4CA5-8FB5-B7717240860C}.Debug|Any CPU.Build.0 = Debug|Any CPU
		{C6D79A5D-4BEA-4CA5-8FB5-B7717240860C}.Release|Any CPU.ActiveCfg = Release|Any CPU
		{C6D79A5D-4BEA-4CA5-8FB5-B7717240860C}.Release|Any CPU.Build.0 = Release|Any CPU
		{F352C5EB-8851-4E50-927D-A544CF59E948}.Debug|Any CPU.ActiveCfg = Debug|Any CPU
		{F352C5EB-8851-4E50-927D-A544CF59E948}.Debug|Any CPU.Build.0 = Debug|Any CPU
		{F352C5EB-8851-4E50-927D-A544CF59E948}.Release|Any CPU.ActiveCfg = Release|Any CPU
		{F352C5EB-8851-4E50-927D-A544CF59E948}.Release|Any CPU.Build.0 = Release|Any CPU
	EndGlobalSection
	GlobalSection(SolutionProperties) = preSolution
		HideSolutionNode = FALSE
	EndGlobalSection
	GlobalSection(ExtensibilityGlobals) = postSolution
		SolutionGuid = {A7988FCA-C6B4-49BF-B8B9-007FA846E987}
	EndGlobalSection
EndGlobal
